// !$*UTF8*$!
{
	archiveVersion = 1;
	classes = {
	};
	objectVersion = 46;
	objects = {

/* Begin PBXBuildFile section */
		1AAEE50F2FEDD6904D794C07 /* Pods.framework in Frameworks */ = {isa = PBXBuildFile; fileRef = EBCB1EF92CC0BD1672622937 /* Pods.framework */; };
		2C90A66B1C3E65B8001DE588 /* PhotoVC.swift in Sources */ = {isa = PBXBuildFile; fileRef = 2C90A66A1C3E65B8001DE588 /* PhotoVC.swift */; };
		B4067F3C1C38E52E00A1EBD9 /* KFServiceChatViewController.swift in Sources */ = {isa = PBXBuildFile; fileRef = B4067F3B1C38E52E00A1EBD9 /* KFServiceChatViewController.swift */; };
		B41F862E1C377E40002CF04D /* Security.framework in Frameworks */ = {isa = PBXBuildFile; fileRef = B41F862D1C377E40002CF04D /* Security.framework */; };
		B41F86301C377EB5002CF04D /* UIKit.framework in Frameworks */ = {isa = PBXBuildFile; fileRef = B41F862F1C377EB5002CF04D /* UIKit.framework */; };
		B45072ED1C46A60E00F4E9A1 /* ShakeCalledmealViewController.swift in Sources */ = {isa = PBXBuildFile; fileRef = B45072EC1C46A60E00F4E9A1 /* ShakeCalledmealViewController.swift */; };
		B45072EF1C46BEBD00F4E9A1 /* DKDropMenu.swift in Sources */ = {isa = PBXBuildFile; fileRef = B45072EE1C46BEBD00F4E9A1 /* DKDropMenu.swift */; };
		B45072F51C46D1E400F4E9A1 /* Shake_back.png in Resources */ = {isa = PBXBuildFile; fileRef = B45072F21C46D1E300F4E9A1 /* Shake_back.png */; };
		B45072F61C46D1E400F4E9A1 /* Shake_Down.png in Resources */ = {isa = PBXBuildFile; fileRef = B45072F31C46D1E400F4E9A1 /* Shake_Down.png */; };
		B45072F71C46D1E400F4E9A1 /* Shake_Up.png in Resources */ = {isa = PBXBuildFile; fileRef = B45072F41C46D1E400F4E9A1 /* Shake_Up.png */; };
		B45BDEB71C3801CC007377B1 /* NSString_MessageDigest.m in Sources */ = {isa = PBXBuildFile; fileRef = B45BDEB61C3801CC007377B1 /* NSString_MessageDigest.m */; };
		B483578C1C2917C200D69170 /* AppDelegate.swift in Sources */ = {isa = PBXBuildFile; fileRef = B483578B1C2917C200D69170 /* AppDelegate.swift */; };
		B483578E1C2917C200D69170 /* ViewController.swift in Sources */ = {isa = PBXBuildFile; fileRef = B483578D1C2917C200D69170 /* ViewController.swift */; };
		B48357911C2917C200D69170 /* Main.storyboard in Resources */ = {isa = PBXBuildFile; fileRef = B483578F1C2917C200D69170 /* Main.storyboard */; };
		B48357931C2917C200D69170 /* Assets.xcassets in Resources */ = {isa = PBXBuildFile; fileRef = B48357921C2917C200D69170 /* Assets.xcassets */; };
		B48357961C2917C200D69170 /* LaunchScreen.storyboard in Resources */ = {isa = PBXBuildFile; fileRef = B48357941C2917C200D69170 /* LaunchScreen.storyboard */; };
		B48357A11C2917C200D69170 /* HeyZhiShiTests.swift in Sources */ = {isa = PBXBuildFile; fileRef = B48357A01C2917C200D69170 /* HeyZhiShiTests.swift */; };
		B48357AC1C2917C200D69170 /* HeyZhiShiUITests.swift in Sources */ = {isa = PBXBuildFile; fileRef = B48357AB1C2917C200D69170 /* HeyZhiShiUITests.swift */; };
		B48357BA1C291D6D00D69170 /* Podfile in Resources */ = {isa = PBXBuildFile; fileRef = B48357B91C291D6D00D69170 /* Podfile */; };
		B498CE2D1C2921300050F1C1 /* BrdgingHeader.m in Sources */ = {isa = PBXBuildFile; fileRef = B498CE2C1C2921300050F1C1 /* BrdgingHeader.m */; };
		B4ACCE451C36636700DFC9A2 /* OptionViewController.swift in Sources */ = {isa = PBXBuildFile; fileRef = B4ACCE441C36636700DFC9A2 /* OptionViewController.swift */; };
		B4E6A50D1C4DDA17004F8DD3 /* foodshowViewController.swift in Sources */ = {isa = PBXBuildFile; fileRef = B4E6A50C1C4DDA17004F8DD3 /* foodshowViewController.swift */; };
		B4E6A50F1C4DE28E004F8DD3 /* launchScreenViewController.swift in Sources */ = {isa = PBXBuildFile; fileRef = B4E6A50E1C4DE28E004F8DD3 /* launchScreenViewController.swift */; };
		B4E9A6561C4D47FC00BF00A1 /* taxiViewController.swift in Sources */ = {isa = PBXBuildFile; fileRef = B4E9A6551C4D47FC00BF00A1 /* taxiViewController.swift */; };
		B4E9C29E1C2EF5C000BC6FAE /* RegTableViewController.swift in Sources */ = {isa = PBXBuildFile; fileRef = B4E9C29D1C2EF5C000BC6FAE /* RegTableViewController.swift */; };
		B4EA17B91C4770D600E96C7F /* personalinfoTableViewController.swift in Sources */ = {isa = PBXBuildFile; fileRef = B4EA17B81C4770D600E96C7F /* personalinfoTableViewController.swift */; };
		B4EA45471C32668800549031 /* MainViewController.swift in Sources */ = {isa = PBXBuildFile; fileRef = B4EA45461C32668800549031 /* MainViewController.swift */; };
		B4EA454B1C32D6D000549031 /* SwiftNotice.swift in Sources */ = {isa = PBXBuildFile; fileRef = B4EA454A1C32D6D000549031 /* SwiftNotice.swift */; };
		B4EB5A191C3D4EE500009F2C /* photoView.swift in Sources */ = {isa = PBXBuildFile; fileRef = B4EB5A181C3D4EE500009F2C /* photoView.swift */; };
		B4EB85FB1C3ED6B400717561 /* SetTableViewController.swift in Sources */ = {isa = PBXBuildFile; fileRef = B4EB85FA1C3ED6B400717561 /* SetTableViewController.swift */; };
		B4ECF27A1C4380F600EF77CC /* butlerwelcome.gif in Resources */ = {isa = PBXBuildFile; fileRef = B4ECF2791C4380F600EF77CC /* butlerwelcome.gif */; };
		B4ECF27C1C4381F900EF77CC /* 管家.gif in Resources */ = {isa = PBXBuildFile; fileRef = B4ECF27B1C4381F900EF77CC /* 管家.gif */; };
		B4ECF27E1C438C9800EF77CC /* xingxiang.gif in Resources */ = {isa = PBXBuildFile; fileRef = B4ECF27D1C438C9800EF77CC /* xingxiang.gif */; };
		B4ED3C271C421EBA001C8E73 /* UIImage+Gif.swift in Sources */ = {isa = PBXBuildFile; fileRef = B4ED3C261C421EBA001C8E73 /* UIImage+Gif.swift */; };
		B4ED3CB41C424A0E001C8E73 /* gj_0000.png in Resources */ = {isa = PBXBuildFile; fileRef = B4ED3C881C424A0E001C8E73 /* gj_0000.png */; };
		B4ED3CE11C425960001C8E73 /* firstshow.jpg in Resources */ = {isa = PBXBuildFile; fileRef = B4ED3CE01C425960001C8E73 /* firstshow.jpg */; };
		B4EF7FB61C4CB2F100E9A14D /* 光界面2.png in Resources */ = {isa = PBXBuildFile; fileRef = B4EF7FAF1C4CB2F100E9A14D /* 光界面2.png */; };
		B4EF7FB71C4CB2F100E9A14D /* 叫车_meitu.png in Resources */ = {isa = PBXBuildFile; fileRef = B4EF7FB01C4CB2F100E9A14D /* 叫车_meitu.png */; };
		B4EF7FB81C4CB2F100E9A14D /* 取送_meitu.png in Resources */ = {isa = PBXBuildFile; fileRef = B4EF7FB11C4CB2F100E9A14D /* 取送_meitu.png */; };
		B4EF7FB91C4CB2F100E9A14D /* 外卖_meitu.png in Resources */ = {isa = PBXBuildFile; fileRef = B4EF7FB21C4CB2F100E9A14D /* 外卖_meitu.png */; };
		B4EF7FBA1C4CB2F100E9A14D /* hey!master_meitu.png in Resources */ = {isa = PBXBuildFile; fileRef = B4EF7FB31C4CB2F100E9A14D /* hey!master_meitu.png */; };
		B4EF7FBB1C4CB2F100E9A14D /* photo_meitu.png in Resources */ = {isa = PBXBuildFile; fileRef = B4EF7FB41C4CB2F100E9A14D /* photo_meitu.png */; };
		B4EF7FBC1C4CB2F100E9A14D /* signup_meitu.png in Resources */ = {isa = PBXBuildFile; fileRef = B4EF7FB51C4CB2F100E9A14D /* signup_meitu.png */; };
		B4EF7FC01C4CC74A00E9A14D /* 启动界面.gif in Resources */ = {isa = PBXBuildFile; fileRef = B4EF7FBF1C4CC74A00E9A14D /* 启动界面.gif */; };
		B4EF7FC21C4CCB9600E9A14D /* expressViewController.swift in Sources */ = {isa = PBXBuildFile; fileRef = B4EF7FC11C4CCB9600E9A14D /* expressViewController.swift */; };
		B4F02FBC1C44EAF000BBB131 /* PS2hjgfg.gif in Resources */ = {isa = PBXBuildFile; fileRef = B4F02FBA1C44EAF000BBB131 /* PS2hjgfg.gif */; };
		B4F02FBD1C44EAF000BBB131 /* PS21214.gif in Resources */ = {isa = PBXBuildFile; fileRef = B4F02FBB1C44EAF000BBB131 /* PS21214.gif */; };
/* End PBXBuildFile section */

/* Begin PBXContainerItemProxy section */
		B483579D1C2917C200D69170 /* PBXContainerItemProxy */ = {
			isa = PBXContainerItemProxy;
			containerPortal = B48357801C2917C200D69170 /* Project object */;
			proxyType = 1;
			remoteGlobalIDString = B48357871C2917C200D69170;
			remoteInfo = HeyZhiShi;
		};
		B48357A81C2917C200D69170 /* PBXContainerItemProxy */ = {
			isa = PBXContainerItemProxy;
			containerPortal = B48357801C2917C200D69170 /* Project object */;
			proxyType = 1;
			remoteGlobalIDString = B48357871C2917C200D69170;
			remoteInfo = HeyZhiShi;
		};
/* End PBXContainerItemProxy section */

/* Begin PBXFileReference section */
		0BD6D04D273500A86B66CB95 /* Pods.debug.xcconfig */ = {isa = PBXFileReference; includeInIndex = 1; lastKnownFileType = text.xcconfig; name = Pods.debug.xcconfig; path = "Pods/Target Support Files/Pods/Pods.debug.xcconfig"; sourceTree = "<group>"; };
		2C90A66A1C3E65B8001DE588 /* PhotoVC.swift */ = {isa = PBXFileReference; fileEncoding = 4; lastKnownFileType = sourcecode.swift; path = PhotoVC.swift; sourceTree = "<group>"; };
		A8A23A4DA5AB3996A1289352 /* Pods.release.xcconfig */ = {isa = PBXFileReference; includeInIndex = 1; lastKnownFileType = text.xcconfig; name = Pods.release.xcconfig; path = "Pods/Target Support Files/Pods/Pods.release.xcconfig"; sourceTree = "<group>"; };
		B4067F3B1C38E52E00A1EBD9 /* KFServiceChatViewController.swift */ = {isa = PBXFileReference; fileEncoding = 4; lastKnownFileType = sourcecode.swift; path = KFServiceChatViewController.swift; sourceTree = "<group>"; };
		B41F862D1C377E40002CF04D /* Security.framework */ = {isa = PBXFileReference; lastKnownFileType = wrapper.framework; name = Security.framework; path = System/Library/Frameworks/Security.framework; sourceTree = SDKROOT; };
		B41F862F1C377EB5002CF04D /* UIKit.framework */ = {isa = PBXFileReference; lastKnownFileType = wrapper.framework; name = UIKit.framework; path = System/Library/Frameworks/UIKit.framework; sourceTree = SDKROOT; };
		B45072EC1C46A60E00F4E9A1 /* ShakeCalledmealViewController.swift */ = {isa = PBXFileReference; fileEncoding = 4; lastKnownFileType = sourcecode.swift; path = ShakeCalledmealViewController.swift; sourceTree = "<group>"; };
		B45072EE1C46BEBD00F4E9A1 /* DKDropMenu.swift */ = {isa = PBXFileReference; fileEncoding = 4; lastKnownFileType = sourcecode.swift; path = DKDropMenu.swift; sourceTree = "<group>"; };
		B45072F21C46D1E300F4E9A1 /* Shake_back.png */ = {isa = PBXFileReference; lastKnownFileType = image.png; path = Shake_back.png; sourceTree = "<group>"; };
		B45072F31C46D1E400F4E9A1 /* Shake_Down.png */ = {isa = PBXFileReference; lastKnownFileType = image.png; path = Shake_Down.png; sourceTree = "<group>"; };
		B45072F41C46D1E400F4E9A1 /* Shake_Up.png */ = {isa = PBXFileReference; lastKnownFileType = image.png; path = Shake_Up.png; sourceTree = "<group>"; };
		B45BDEB51C3801AC007377B1 /* NSString_MessageDigest.h */ = {isa = PBXFileReference; lastKnownFileType = sourcecode.c.h; path = NSString_MessageDigest.h; sourceTree = "<group>"; };
		B45BDEB61C3801CC007377B1 /* NSString_MessageDigest.m */ = {isa = PBXFileReference; fileEncoding = 4; lastKnownFileType = sourcecode.c.objc; path = NSString_MessageDigest.m; sourceTree = "<group>"; };
		B48357881C2917C200D69170 /* HeyZhiShi.app */ = {isa = PBXFileReference; explicitFileType = wrapper.application; includeInIndex = 0; path = HeyZhiShi.app; sourceTree = BUILT_PRODUCTS_DIR; };
		B483578B1C2917C200D69170 /* AppDelegate.swift */ = {isa = PBXFileReference; lastKnownFileType = sourcecode.swift; path = AppDelegate.swift; sourceTree = "<group>"; };
		B483578D1C2917C200D69170 /* ViewController.swift */ = {isa = PBXFileReference; lastKnownFileType = sourcecode.swift; path = ViewController.swift; sourceTree = "<group>"; };
		B48357901C2917C200D69170 /* Base */ = {isa = PBXFileReference; lastKnownFileType = file.storyboard; name = Base; path = Base.lproj/Main.storyboard; sourceTree = "<group>"; };
		B48357921C2917C200D69170 /* Assets.xcassets */ = {isa = PBXFileReference; lastKnownFileType = folder.assetcatalog; path = Assets.xcassets; sourceTree = "<group>"; };
		B48357951C2917C200D69170 /* Base */ = {isa = PBXFileReference; lastKnownFileType = file.storyboard; name = Base; path = Base.lproj/LaunchScreen.storyboard; sourceTree = "<group>"; };
		B48357971C2917C200D69170 /* Info.plist */ = {isa = PBXFileReference; lastKnownFileType = text.plist.xml; path = Info.plist; sourceTree = "<group>"; };
		B483579C1C2917C200D69170 /* HeyZhiShiTests.xctest */ = {isa = PBXFileReference; explicitFileType = wrapper.cfbundle; includeInIndex = 0; path = HeyZhiShiTests.xctest; sourceTree = BUILT_PRODUCTS_DIR; };
		B48357A01C2917C200D69170 /* HeyZhiShiTests.swift */ = {isa = PBXFileReference; lastKnownFileType = sourcecode.swift; path = HeyZhiShiTests.swift; sourceTree = "<group>"; };
		B48357A21C2917C200D69170 /* Info.plist */ = {isa = PBXFileReference; lastKnownFileType = text.plist.xml; path = Info.plist; sourceTree = "<group>"; };
		B48357A71C2917C200D69170 /* HeyZhiShiUITests.xctest */ = {isa = PBXFileReference; explicitFileType = wrapper.cfbundle; includeInIndex = 0; path = HeyZhiShiUITests.xctest; sourceTree = BUILT_PRODUCTS_DIR; };
		B48357AB1C2917C200D69170 /* HeyZhiShiUITests.swift */ = {isa = PBXFileReference; lastKnownFileType = sourcecode.swift; path = HeyZhiShiUITests.swift; sourceTree = "<group>"; };
		B48357AD1C2917C200D69170 /* Info.plist */ = {isa = PBXFileReference; lastKnownFileType = text.plist.xml; path = Info.plist; sourceTree = "<group>"; };
		B48357B91C291D6D00D69170 /* Podfile */ = {isa = PBXFileReference; fileEncoding = 4; lastKnownFileType = text; path = Podfile; sourceTree = "<group>"; xcLanguageSpecificationIdentifier = xcode.lang.ruby; };
		B498CE2B1C2921300050F1C1 /* HeyZhiShi-Bridging-Header.h */ = {isa = PBXFileReference; lastKnownFileType = sourcecode.c.h; path = "HeyZhiShi-Bridging-Header.h"; sourceTree = "<group>"; };
		B498CE2C1C2921300050F1C1 /* BrdgingHeader.m */ = {isa = PBXFileReference; fileEncoding = 4; lastKnownFileType = sourcecode.c.objc; path = BrdgingHeader.m; sourceTree = "<group>"; };
		B4ACCE441C36636700DFC9A2 /* OptionViewController.swift */ = {isa = PBXFileReference; fileEncoding = 4; lastKnownFileType = sourcecode.swift; path = OptionViewController.swift; sourceTree = "<group>"; };
		B4E6A50C1C4DDA17004F8DD3 /* foodshowViewController.swift */ = {isa = PBXFileReference; fileEncoding = 4; lastKnownFileType = sourcecode.swift; path = foodshowViewController.swift; sourceTree = "<group>"; };
		B4E6A50E1C4DE28E004F8DD3 /* launchScreenViewController.swift */ = {isa = PBXFileReference; fileEncoding = 4; lastKnownFileType = sourcecode.swift; path = launchScreenViewController.swift; sourceTree = "<group>"; };
		B4E9A6551C4D47FC00BF00A1 /* taxiViewController.swift */ = {isa = PBXFileReference; fileEncoding = 4; lastKnownFileType = sourcecode.swift; path = taxiViewController.swift; sourceTree = "<group>"; };
		B4E9C29D1C2EF5C000BC6FAE /* RegTableViewController.swift */ = {isa = PBXFileReference; fileEncoding = 4; lastKnownFileType = sourcecode.swift; path = RegTableViewController.swift; sourceTree = "<group>"; };
		B4EA17B81C4770D600E96C7F /* personalinfoTableViewController.swift */ = {isa = PBXFileReference; fileEncoding = 4; lastKnownFileType = sourcecode.swift; path = personalinfoTableViewController.swift; sourceTree = "<group>"; };
		B4EA45461C32668800549031 /* MainViewController.swift */ = {isa = PBXFileReference; fileEncoding = 4; lastKnownFileType = sourcecode.swift; path = MainViewController.swift; sourceTree = "<group>"; };
		B4EA454A1C32D6D000549031 /* SwiftNotice.swift */ = {isa = PBXFileReference; fileEncoding = 4; lastKnownFileType = sourcecode.swift; path = SwiftNotice.swift; sourceTree = "<group>"; };
		B4EB5A181C3D4EE500009F2C /* photoView.swift */ = {isa = PBXFileReference; fileEncoding = 4; lastKnownFileType = sourcecode.swift; path = photoView.swift; sourceTree = "<group>"; };
		B4EB85FA1C3ED6B400717561 /* SetTableViewController.swift */ = {isa = PBXFileReference; fileEncoding = 4; lastKnownFileType = sourcecode.swift; path = SetTableViewController.swift; sourceTree = "<group>"; };
		B4ECF2791C4380F600EF77CC /* butlerwelcome.gif */ = {isa = PBXFileReference; lastKnownFileType = image.gif; path = butlerwelcome.gif; sourceTree = "<group>"; };
		B4ECF27B1C4381F900EF77CC /* 管家.gif */ = {isa = PBXFileReference; lastKnownFileType = image.gif; path = "管家.gif"; sourceTree = "<group>"; };
		B4ECF27D1C438C9800EF77CC /* xingxiang.gif */ = {isa = PBXFileReference; lastKnownFileType = image.gif; path = xingxiang.gif; sourceTree = "<group>"; };
		B4ED3C261C421EBA001C8E73 /* UIImage+Gif.swift */ = {isa = PBXFileReference; fileEncoding = 4; lastKnownFileType = sourcecode.swift; path = "UIImage+Gif.swift"; sourceTree = "<group>"; };
		B4ED3C881C424A0E001C8E73 /* gj_0000.png */ = {isa = PBXFileReference; lastKnownFileType = image.png; path = gj_0000.png; sourceTree = "<group>"; };
		B4ED3CE01C425960001C8E73 /* firstshow.jpg */ = {isa = PBXFileReference; lastKnownFileType = image.jpeg; path = firstshow.jpg; sourceTree = "<group>"; };
		B4EF7FAF1C4CB2F100E9A14D /* 光界面2.png */ = {isa = PBXFileReference; lastKnownFileType = image.png; path = "光界面2.png"; sourceTree = "<group>"; };
		B4EF7FB01C4CB2F100E9A14D /* 叫车_meitu.png */ = {isa = PBXFileReference; lastKnownFileType = image.png; path = "叫车_meitu.png"; sourceTree = "<group>"; };
		B4EF7FB11C4CB2F100E9A14D /* 取送_meitu.png */ = {isa = PBXFileReference; lastKnownFileType = image.png; path = "取送_meitu.png"; sourceTree = "<group>"; };
		B4EF7FB21C4CB2F100E9A14D /* 外卖_meitu.png */ = {isa = PBXFileReference; lastKnownFileType = image.png; path = "外卖_meitu.png"; sourceTree = "<group>"; };
		B4EF7FB31C4CB2F100E9A14D /* hey!master_meitu.png */ = {isa = PBXFileReference; lastKnownFileType = image.png; path = "hey!master_meitu.png"; sourceTree = "<group>"; };
		B4EF7FB41C4CB2F100E9A14D /* photo_meitu.png */ = {isa = PBXFileReference; lastKnownFileType = image.png; path = photo_meitu.png; sourceTree = "<group>"; };
		B4EF7FB51C4CB2F100E9A14D /* signup_meitu.png */ = {isa = PBXFileReference; lastKnownFileType = image.png; path = signup_meitu.png; sourceTree = "<group>"; };
		B4EF7FBF1C4CC74A00E9A14D /* 启动界面.gif */ = {isa = PBXFileReference; lastKnownFileType = image.gif; path = "启动界面.gif"; sourceTree = "<group>"; };
		B4EF7FC11C4CCB9600E9A14D /* expressViewController.swift */ = {isa = PBXFileReference; fileEncoding = 4; lastKnownFileType = sourcecode.swift; path = expressViewController.swift; sourceTree = "<group>"; };
		B4F02FBA1C44EAF000BBB131 /* PS2hjgfg.gif */ = {isa = PBXFileReference; lastKnownFileType = image.gif; path = PS2hjgfg.gif; sourceTree = "<group>"; };
		B4F02FBB1C44EAF000BBB131 /* PS21214.gif */ = {isa = PBXFileReference; lastKnownFileType = image.gif; path = PS21214.gif; sourceTree = "<group>"; };
		EBCB1EF92CC0BD1672622937 /* Pods.framework */ = {isa = PBXFileReference; explicitFileType = wrapper.framework; includeInIndex = 0; path = Pods.framework; sourceTree = BUILT_PRODUCTS_DIR; };
/* End PBXFileReference section */

/* Begin PBXFrameworksBuildPhase section */
		B48357851C2917C200D69170 /* Frameworks */ = {
			isa = PBXFrameworksBuildPhase;
			buildActionMask = 2147483647;
			files = (
				B41F86301C377EB5002CF04D /* UIKit.framework in Frameworks */,
				B41F862E1C377E40002CF04D /* Security.framework in Frameworks */,
				1AAEE50F2FEDD6904D794C07 /* Pods.framework in Frameworks */,
			);
			runOnlyForDeploymentPostprocessing = 0;
		};
		B48357991C2917C200D69170 /* Frameworks */ = {
			isa = PBXFrameworksBuildPhase;
			buildActionMask = 2147483647;
			files = (
			);
			runOnlyForDeploymentPostprocessing = 0;
		};
		B48357A41C2917C200D69170 /* Frameworks */ = {
			isa = PBXFrameworksBuildPhase;
			buildActionMask = 2147483647;
			files = (
			);
			runOnlyForDeploymentPostprocessing = 0;
		};
/* End PBXFrameworksBuildPhase section */

/* Begin PBXGroup section */
		5865DC6BE8440A34B88F8634 /* Pods */ = {
			isa = PBXGroup;
			children = (
				0BD6D04D273500A86B66CB95 /* Pods.debug.xcconfig */,
				A8A23A4DA5AB3996A1289352 /* Pods.release.xcconfig */,
			);
			name = Pods;
			sourceTree = "<group>";
		};
		B45072F11C46D1E300F4E9A1 /* images */ = {
			isa = PBXGroup;
			children = (
				B4EF7FAF1C4CB2F100E9A14D /* 光界面2.png */,
				B4EF7FB01C4CB2F100E9A14D /* 叫车_meitu.png */,
				B4EF7FB11C4CB2F100E9A14D /* 取送_meitu.png */,
				B4EF7FB21C4CB2F100E9A14D /* 外卖_meitu.png */,
				B4EF7FB31C4CB2F100E9A14D /* hey!master_meitu.png */,
				B4EF7FB41C4CB2F100E9A14D /* photo_meitu.png */,
				B4EF7FB51C4CB2F100E9A14D /* signup_meitu.png */,
				B45072F21C46D1E300F4E9A1 /* Shake_back.png */,
				B45072F31C46D1E400F4E9A1 /* Shake_Down.png */,
				B45072F41C46D1E400F4E9A1 /* Shake_Up.png */,
			);
			name = images;
			path = HeyZhiShi/images;
			sourceTree = "<group>";
		};
		B483577F1C2917C200D69170 = {
			isa = PBXGroup;
			children = (
				B48357B91C291D6D00D69170 /* Podfile */,
				B483578A1C2917C200D69170 /* HeyZhiShi */,
				B483579F1C2917C200D69170 /* HeyZhiShiTests */,
				B48357AA1C2917C200D69170 /* HeyZhiShiUITests */,
				B48357891C2917C200D69170 /* Products */,
				B4ED3C281C42295F001C8E73 /* gifimage */,
				B45072F11C46D1E300F4E9A1 /* images */,
				5865DC6BE8440A34B88F8634 /* Pods */,
				F408139EE07AA125666CB68F /* Frameworks */,
			);
			sourceTree = "<group>";
		};
		B48357891C2917C200D69170 /* Products */ = {
			isa = PBXGroup;
			children = (
				B48357881C2917C200D69170 /* HeyZhiShi.app */,
				B483579C1C2917C200D69170 /* HeyZhiShiTests.xctest */,
				B48357A71C2917C200D69170 /* HeyZhiShiUITests.xctest */,
			);
			name = Products;
			sourceTree = "<group>";
		};
		B483578A1C2917C200D69170 /* HeyZhiShi */ = {
			isa = PBXGroup;
			children = (
				B4EA45491C32D67100549031 /* 3rd party */,
				B483578B1C2917C200D69170 /* AppDelegate.swift */,
				B483578D1C2917C200D69170 /* ViewController.swift */,
				B483578F1C2917C200D69170 /* Main.storyboard */,
				B4E9C29D1C2EF5C000BC6FAE /* RegTableViewController.swift */,
				B48357921C2917C200D69170 /* Assets.xcassets */,
				B48357941C2917C200D69170 /* LaunchScreen.storyboard */,
				B48357971C2917C200D69170 /* Info.plist */,
				B498CE2C1C2921300050F1C1 /* BrdgingHeader.m */,
				B498CE2B1C2921300050F1C1 /* HeyZhiShi-Bridging-Header.h */,
				B4EA45461C32668800549031 /* MainViewController.swift */,
				B4ACCE441C36636700DFC9A2 /* OptionViewController.swift */,
				B4067F3B1C38E52E00A1EBD9 /* KFServiceChatViewController.swift */,
				B4EB5A181C3D4EE500009F2C /* photoView.swift */,
				2C90A66A1C3E65B8001DE588 /* PhotoVC.swift */,
				B4EB85FA1C3ED6B400717561 /* SetTableViewController.swift */,
				B45072EC1C46A60E00F4E9A1 /* ShakeCalledmealViewController.swift */,
				B4EA17B81C4770D600E96C7F /* personalinfoTableViewController.swift */,
				B4EF7FC11C4CCB9600E9A14D /* expressViewController.swift */,
				B4E9A6551C4D47FC00BF00A1 /* taxiViewController.swift */,
				B4E6A50C1C4DDA17004F8DD3 /* foodshowViewController.swift */,
				B4E6A50E1C4DE28E004F8DD3 /* launchScreenViewController.swift */,
			);
			path = HeyZhiShi;
			sourceTree = "<group>";
		};
		B483579F1C2917C200D69170 /* HeyZhiShiTests */ = {
			isa = PBXGroup;
			children = (
				B48357A01C2917C200D69170 /* HeyZhiShiTests.swift */,
				B48357A21C2917C200D69170 /* Info.plist */,
			);
			path = HeyZhiShiTests;
			sourceTree = "<group>";
		};
		B48357AA1C2917C200D69170 /* HeyZhiShiUITests */ = {
			isa = PBXGroup;
			children = (
				B48357AB1C2917C200D69170 /* HeyZhiShiUITests.swift */,
				B48357AD1C2917C200D69170 /* Info.plist */,
			);
			path = HeyZhiShiUITests;
			sourceTree = "<group>";
		};
		B4EA45491C32D67100549031 /* 3rd party */ = {
			isa = PBXGroup;
			children = (
				B4ED3C261C421EBA001C8E73 /* UIImage+Gif.swift */,
				B4EA454A1C32D6D000549031 /* SwiftNotice.swift */,
				B45072EE1C46BEBD00F4E9A1 /* DKDropMenu.swift */,
				B45BDEB51C3801AC007377B1 /* NSString_MessageDigest.h */,
				B45BDEB61C3801CC007377B1 /* NSString_MessageDigest.m */,
			);
			name = "3rd party";
			sourceTree = "<group>";
		};
		B4ED3C281C42295F001C8E73 /* gifimage */ = {
			isa = PBXGroup;
			children = (
				B4ED3CE01C425960001C8E73 /* firstshow.jpg */,
				B4EF7FBF1C4CC74A00E9A14D /* 启动界面.gif */,
				B4ED3C291C42295F001C8E73 /* butlergif */,
			);
			name = gifimage;
			path = HeyZhiShi/gifimage;
			sourceTree = "<group>";
		};
		B4ED3C291C42295F001C8E73 /* butlergif */ = {
			isa = PBXGroup;
			children = (
				B4ECF27D1C438C9800EF77CC /* xingxiang.gif */,
				B4ECF27B1C4381F900EF77CC /* 管家.gif */,
				B4F02FBA1C44EAF000BBB131 /* PS2hjgfg.gif */,
				B4F02FBB1C44EAF000BBB131 /* PS21214.gif */,
				B4ECF2791C4380F600EF77CC /* butlerwelcome.gif */,
				B4ED3C871C424A0E001C8E73 /* welcome */,
			);
			path = butlergif;
			sourceTree = "<group>";
		};
		B4ED3C871C424A0E001C8E73 /* welcome */ = {
			isa = PBXGroup;
			children = (
				B4ED3C881C424A0E001C8E73 /* gj_0000.png */,
			);
			path = welcome;
			sourceTree = "<group>";
		};
		F408139EE07AA125666CB68F /* Frameworks */ = {
			isa = PBXGroup;
			children = (
				B41F862F1C377EB5002CF04D /* UIKit.framework */,
				B41F862D1C377E40002CF04D /* Security.framework */,
				EBCB1EF92CC0BD1672622937 /* Pods.framework */,
			);
			name = Frameworks;
			sourceTree = "<group>";
		};
/* End PBXGroup section */

/* Begin PBXNativeTarget section */
		B48357871C2917C200D69170 /* HeyZhiShi */ = {
			isa = PBXNativeTarget;
			buildConfigurationList = B48357B01C2917C200D69170 /* Build configuration list for PBXNativeTarget "HeyZhiShi" */;
			buildPhases = (
				22F74EF6C6115712FE2EEF3A /* Check Pods Manifest.lock */,
				B48357841C2917C200D69170 /* Sources */,
				B48357851C2917C200D69170 /* Frameworks */,
				B48357861C2917C200D69170 /* Resources */,
				2BA46A372CB029D71F4E8D8D /* Embed Pods Frameworks */,
				43C7DC8A6E55BE408DFC96CD /* Copy Pods Resources */,
			);
			buildRules = (
			);
			dependencies = (
			);
			name = HeyZhiShi;
			productName = HeyZhiShi;
			productReference = B48357881C2917C200D69170 /* HeyZhiShi.app */;
			productType = "com.apple.product-type.application";
		};
		B483579B1C2917C200D69170 /* HeyZhiShiTests */ = {
			isa = PBXNativeTarget;
			buildConfigurationList = B48357B31C2917C200D69170 /* Build configuration list for PBXNativeTarget "HeyZhiShiTests" */;
			buildPhases = (
				B48357981C2917C200D69170 /* Sources */,
				B48357991C2917C200D69170 /* Frameworks */,
				B483579A1C2917C200D69170 /* Resources */,
			);
			buildRules = (
			);
			dependencies = (
				B483579E1C2917C200D69170 /* PBXTargetDependency */,
			);
			name = HeyZhiShiTests;
			productName = HeyZhiShiTests;
			productReference = B483579C1C2917C200D69170 /* HeyZhiShiTests.xctest */;
			productType = "com.apple.product-type.bundle.unit-test";
		};
		B48357A61C2917C200D69170 /* HeyZhiShiUITests */ = {
			isa = PBXNativeTarget;
			buildConfigurationList = B48357B61C2917C200D69170 /* Build configuration list for PBXNativeTarget "HeyZhiShiUITests" */;
			buildPhases = (
				B48357A31C2917C200D69170 /* Sources */,
				B48357A41C2917C200D69170 /* Frameworks */,
				B48357A51C2917C200D69170 /* Resources */,
			);
			buildRules = (
			);
			dependencies = (
				B48357A91C2917C200D69170 /* PBXTargetDependency */,
			);
			name = HeyZhiShiUITests;
			productName = HeyZhiShiUITests;
			productReference = B48357A71C2917C200D69170 /* HeyZhiShiUITests.xctest */;
			productType = "com.apple.product-type.bundle.ui-testing";
		};
/* End PBXNativeTarget section */

/* Begin PBXProject section */
		B48357801C2917C200D69170 /* Project object */ = {
			isa = PBXProject;
			attributes = {
				LastSwiftUpdateCheck = 0720;
				LastUpgradeCheck = 0720;
				ORGANIZATIONNAME = "胡海清";
				TargetAttributes = {
					B48357871C2917C200D69170 = {
						CreatedOnToolsVersion = 7.2;
						DevelopmentTeam = U42285J42S;
					};
					B483579B1C2917C200D69170 = {
						CreatedOnToolsVersion = 7.2;
						TestTargetID = B48357871C2917C200D69170;
					};
					B48357A61C2917C200D69170 = {
						CreatedOnToolsVersion = 7.2;
						TestTargetID = B48357871C2917C200D69170;
					};
				};
			};
			buildConfigurationList = B48357831C2917C200D69170 /* Build configuration list for PBXProject "HeyZhiShi" */;
			compatibilityVersion = "Xcode 3.2";
			developmentRegion = English;
			hasScannedForEncodings = 0;
			knownRegions = (
				en,
				Base,
			);
			mainGroup = B483577F1C2917C200D69170;
			productRefGroup = B48357891C2917C200D69170 /* Products */;
			projectDirPath = "";
			projectRoot = "";
			targets = (
				B48357871C2917C200D69170 /* HeyZhiShi */,
				B483579B1C2917C200D69170 /* HeyZhiShiTests */,
				B48357A61C2917C200D69170 /* HeyZhiShiUITests */,
			);
		};
/* End PBXProject section */

/* Begin PBXResourcesBuildPhase section */
		B48357861C2917C200D69170 /* Resources */ = {
			isa = PBXResourcesBuildPhase;
			buildActionMask = 2147483647;
			files = (
				B4F02FBD1C44EAF000BBB131 /* PS21214.gif in Resources */,
				B45072F51C46D1E400F4E9A1 /* Shake_back.png in Resources */,
				B4EF7FB91C4CB2F100E9A14D /* 外卖_meitu.png in Resources */,
				B4EF7FB81C4CB2F100E9A14D /* 取送_meitu.png in Resources */,
				B48357961C2917C200D69170 /* LaunchScreen.storyboard in Resources */,
				B4EF7FB71C4CB2F100E9A14D /* 叫车_meitu.png in Resources */,
				B4ECF27C1C4381F900EF77CC /* 管家.gif in Resources */,
				B48357931C2917C200D69170 /* Assets.xcassets in Resources */,
				B4ECF27E1C438C9800EF77CC /* xingxiang.gif in Resources */,
				B48357BA1C291D6D00D69170 /* Podfile in Resources */,
				B4ECF27A1C4380F600EF77CC /* butlerwelcome.gif in Resources */,
				B4EF7FBB1C4CB2F100E9A14D /* photo_meitu.png in Resources */,
				B4ED3CB41C424A0E001C8E73 /* gj_0000.png in Resources */,
				B45072F71C46D1E400F4E9A1 /* Shake_Up.png in Resources */,
				B4EF7FB61C4CB2F100E9A14D /* 光界面2.png in Resources */,
				B45072F61C46D1E400F4E9A1 /* Shake_Down.png in Resources */,
				B4EF7FBA1C4CB2F100E9A14D /* hey!master_meitu.png in Resources */,
				B4EF7FC01C4CC74A00E9A14D /* 启动界面.gif in Resources */,
				B4ED3CE11C425960001C8E73 /* firstshow.jpg in Resources */,
				B48357911C2917C200D69170 /* Main.storyboard in Resources */,
				B4F02FBC1C44EAF000BBB131 /* PS2hjgfg.gif in Resources */,
				B4EF7FBC1C4CB2F100E9A14D /* signup_meitu.png in Resources */,
			);
			runOnlyForDeploymentPostprocessing = 0;
		};
		B483579A1C2917C200D69170 /* Resources */ = {
			isa = PBXResourcesBuildPhase;
			buildActionMask = 2147483647;
			files = (
			);
			runOnlyForDeploymentPostprocessing = 0;
		};
		B48357A51C2917C200D69170 /* Resources */ = {
			isa = PBXResourcesBuildPhase;
			buildActionMask = 2147483647;
			files = (
			);
			runOnlyForDeploymentPostprocessing = 0;
		};
/* End PBXResourcesBuildPhase section */

/* Begin PBXShellScriptBuildPhase section */
		22F74EF6C6115712FE2EEF3A /* Check Pods Manifest.lock */ = {
			isa = PBXShellScriptBuildPhase;
			buildActionMask = 2147483647;
			files = (
			);
			inputPaths = (
			);
			name = "Check Pods Manifest.lock";
			outputPaths = (
			);
			runOnlyForDeploymentPostprocessing = 0;
			shellPath = /bin/sh;
			shellScript = "diff \"${PODS_ROOT}/../Podfile.lock\" \"${PODS_ROOT}/Manifest.lock\" > /dev/null\nif [[ $? != 0 ]] ; then\n    cat << EOM\nerror: The sandbox is not in sync with the Podfile.lock. Run 'pod install' or update your CocoaPods installation.\nEOM\n    exit 1\nfi\n";
			showEnvVarsInLog = 0;
		};
		2BA46A372CB029D71F4E8D8D /* Embed Pods Frameworks */ = {
			isa = PBXShellScriptBuildPhase;
			buildActionMask = 2147483647;
			files = (
			);
			inputPaths = (
			);
			name = "Embed Pods Frameworks";
			outputPaths = (
			);
			runOnlyForDeploymentPostprocessing = 0;
			shellPath = /bin/sh;
			shellScript = "\"${SRCROOT}/Pods/Target Support Files/Pods/Pods-frameworks.sh\"\n";
			showEnvVarsInLog = 0;
		};
		43C7DC8A6E55BE408DFC96CD /* Copy Pods Resources */ = {
			isa = PBXShellScriptBuildPhase;
			buildActionMask = 2147483647;
			files = (
			);
			inputPaths = (
			);
			name = "Copy Pods Resources";
			outputPaths = (
			);
			runOnlyForDeploymentPostprocessing = 0;
			shellPath = /bin/sh;
			shellScript = "\"${SRCROOT}/Pods/Target Support Files/Pods/Pods-resources.sh\"\n";
			showEnvVarsInLog = 0;
		};
/* End PBXShellScriptBuildPhase section */

/* Begin PBXSourcesBuildPhase section */
		B48357841C2917C200D69170 /* Sources */ = {
			isa = PBXSourcesBuildPhase;
			buildActionMask = 2147483647;
			files = (
				B4E9C29E1C2EF5C000BC6FAE /* RegTableViewController.swift in Sources */,
				B45072ED1C46A60E00F4E9A1 /* ShakeCalledmealViewController.swift in Sources */,
				2C90A66B1C3E65B8001DE588 /* PhotoVC.swift in Sources */,
				B4EB85FB1C3ED6B400717561 /* SetTableViewController.swift in Sources */,
				B4EB5A191C3D4EE500009F2C /* photoView.swift in Sources */,
				B4ED3C271C421EBA001C8E73 /* UIImage+Gif.swift in Sources */,
				B4067F3C1C38E52E00A1EBD9 /* KFServiceChatViewController.swift in Sources */,
				B4EA17B91C4770D600E96C7F /* personalinfoTableViewController.swift in Sources */,
				B483578E1C2917C200D69170 /* ViewController.swift in Sources */,
				B498CE2D1C2921300050F1C1 /* BrdgingHeader.m in Sources */,
				B4E6A50F1C4DE28E004F8DD3 /* launchScreenViewController.swift in Sources */,
				B4E9A6561C4D47FC00BF00A1 /* taxiViewController.swift in Sources */,
				B45072EF1C46BEBD00F4E9A1 /* DKDropMenu.swift in Sources */,
				B4EA454B1C32D6D000549031 /* SwiftNotice.swift in Sources */,
				B4ACCE451C36636700DFC9A2 /* OptionViewController.swift in Sources */,
				B483578C1C2917C200D69170 /* AppDelegate.swift in Sources */,
				B4E6A50D1C4DDA17004F8DD3 /* foodshowViewController.swift in Sources */,
				B4EA45471C32668800549031 /* MainViewController.swift in Sources */,
				B45BDEB71C3801CC007377B1 /* NSString_MessageDigest.m in Sources */,
				B4EF7FC21C4CCB9600E9A14D /* expressViewController.swift in Sources */,
			);
			runOnlyForDeploymentPostprocessing = 0;
		};
		B48357981C2917C200D69170 /* Sources */ = {
			isa = PBXSourcesBuildPhase;
			buildActionMask = 2147483647;
			files = (
				B48357A11C2917C200D69170 /* HeyZhiShiTests.swift in Sources */,
			);
			runOnlyForDeploymentPostprocessing = 0;
		};
		B48357A31C2917C200D69170 /* Sources */ = {
			isa = PBXSourcesBuildPhase;
			buildActionMask = 2147483647;
			files = (
				B48357AC1C2917C200D69170 /* HeyZhiShiUITests.swift in Sources */,
			);
			runOnlyForDeploymentPostprocessing = 0;
		};
/* End PBXSourcesBuildPhase section */

/* Begin PBXTargetDependency section */
		B483579E1C2917C200D69170 /* PBXTargetDependency */ = {
			isa = PBXTargetDependency;
			target = B48357871C2917C200D69170 /* HeyZhiShi */;
			targetProxy = B483579D1C2917C200D69170 /* PBXContainerItemProxy */;
		};
		B48357A91C2917C200D69170 /* PBXTargetDependency */ = {
			isa = PBXTargetDependency;
			target = B48357871C2917C200D69170 /* HeyZhiShi */;
			targetProxy = B48357A81C2917C200D69170 /* PBXContainerItemProxy */;
		};
/* End PBXTargetDependency section */

/* Begin PBXVariantGroup section */
		B483578F1C2917C200D69170 /* Main.storyboard */ = {
			isa = PBXVariantGroup;
			children = (
				B48357901C2917C200D69170 /* Base */,
			);
			name = Main.storyboard;
			sourceTree = "<group>";
		};
		B48357941C2917C200D69170 /* LaunchScreen.storyboard */ = {
			isa = PBXVariantGroup;
			children = (
				B48357951C2917C200D69170 /* Base */,
			);
			name = LaunchScreen.storyboard;
			sourceTree = "<group>";
		};
/* End PBXVariantGroup section */

/* Begin XCBuildConfiguration section */
		B48357AE1C2917C200D69170 /* Debug */ = {
			isa = XCBuildConfiguration;
			buildSettings = {
				ALWAYS_SEARCH_USER_PATHS = NO;
				CLANG_CXX_LANGUAGE_STANDARD = "gnu++0x";
				CLANG_CXX_LIBRARY = "libc++";
				CLANG_ENABLE_MODULES = YES;
				CLANG_ENABLE_OBJC_ARC = YES;
				CLANG_WARN_BOOL_CONVERSION = YES;
				CLANG_WARN_CONSTANT_CONVERSION = YES;
				CLANG_WARN_DIRECT_OBJC_ISA_USAGE = YES_ERROR;
				CLANG_WARN_EMPTY_BODY = YES;
				CLANG_WARN_ENUM_CONVERSION = YES;
				CLANG_WARN_INT_CONVERSION = YES;
				CLANG_WARN_OBJC_ROOT_CLASS = YES_ERROR;
				CLANG_WARN_UNREACHABLE_CODE = YES;
				CLANG_WARN__DUPLICATE_METHOD_MATCH = YES;
				CODE_SIGN_IDENTITY = "iPhone Developer: 262226387@qq.com (2HW8EPT86M)";
				"CODE_SIGN_IDENTITY[sdk=iphoneos*]" = "iPhone Developer: 262226387@qq.com (2HW8EPT86M)";
				COPY_PHASE_STRIP = NO;
				DEBUG_INFORMATION_FORMAT = dwarf;
				ENABLE_STRICT_OBJC_MSGSEND = YES;
				ENABLE_TESTABILITY = YES;
				GCC_C_LANGUAGE_STANDARD = gnu99;
				GCC_DYNAMIC_NO_PIC = NO;
				GCC_NO_COMMON_BLOCKS = YES;
				GCC_OPTIMIZATION_LEVEL = 0;
				GCC_PREPROCESSOR_DEFINITIONS = (
					"DEBUG=1",
					"$(inherited)",
				);
				GCC_WARN_64_TO_32_BIT_CONVERSION = YES;
				GCC_WARN_ABOUT_RETURN_TYPE = YES_ERROR;
				GCC_WARN_UNDECLARED_SELECTOR = YES;
				GCC_WARN_UNINITIALIZED_AUTOS = YES_AGGRESSIVE;
				GCC_WARN_UNUSED_FUNCTION = YES;
				GCC_WARN_UNUSED_VARIABLE = YES;
				IPHONEOS_DEPLOYMENT_TARGET = 9.2;
				MTL_ENABLE_DEBUG_INFO = YES;
				ONLY_ACTIVE_ARCH = YES;
				SDKROOT = iphoneos;
				SWIFT_OPTIMIZATION_LEVEL = "-Onone";
			};
			name = Debug;
		};
		B48357AF1C2917C200D69170 /* Release */ = {
			isa = XCBuildConfiguration;
			buildSettings = {
				ALWAYS_SEARCH_USER_PATHS = NO;
				CLANG_CXX_LANGUAGE_STANDARD = "gnu++0x";
				CLANG_CXX_LIBRARY = "libc++";
				CLANG_ENABLE_MODULES = YES;
				CLANG_ENABLE_OBJC_ARC = YES;
				CLANG_WARN_BOOL_CONVERSION = YES;
				CLANG_WARN_CONSTANT_CONVERSION = YES;
				CLANG_WARN_DIRECT_OBJC_ISA_USAGE = YES_ERROR;
				CLANG_WARN_EMPTY_BODY = YES;
				CLANG_WARN_ENUM_CONVERSION = YES;
				CLANG_WARN_INT_CONVERSION = YES;
				CLANG_WARN_OBJC_ROOT_CLASS = YES_ERROR;
				CLANG_WARN_UNREACHABLE_CODE = YES;
				CLANG_WARN__DUPLICATE_METHOD_MATCH = YES;
				"CODE_SIGN_IDENTITY[sdk=iphoneos*]" = "iPhone Developer";
				COPY_PHASE_STRIP = NO;
				DEBUG_INFORMATION_FORMAT = "dwarf-with-dsym";
				ENABLE_NS_ASSERTIONS = NO;
				ENABLE_STRICT_OBJC_MSGSEND = YES;
				GCC_C_LANGUAGE_STANDARD = gnu99;
				GCC_NO_COMMON_BLOCKS = YES;
				GCC_WARN_64_TO_32_BIT_CONVERSION = YES;
				GCC_WARN_ABOUT_RETURN_TYPE = YES_ERROR;
				GCC_WARN_UNDECLARED_SELECTOR = YES;
				GCC_WARN_UNINITIALIZED_AUTOS = YES_AGGRESSIVE;
				GCC_WARN_UNUSED_FUNCTION = YES;
				GCC_WARN_UNUSED_VARIABLE = YES;
				IPHONEOS_DEPLOYMENT_TARGET = 9.2;
				MTL_ENABLE_DEBUG_INFO = NO;
				SDKROOT = iphoneos;
				VALIDATE_PRODUCT = YES;
			};
			name = Release;
		};
		B48357B11C2917C200D69170 /* Debug */ = {
			isa = XCBuildConfiguration;
			baseConfigurationReference = 0BD6D04D273500A86B66CB95 /* Pods.debug.xcconfig */;
			buildSettings = {
				ASSETCATALOG_COMPILER_APPICON_NAME = AppIcon;
				CLANG_ENABLE_MODULES = YES;
				CODE_SIGN_IDENTITY = "iPhone Developer";
				"CODE_SIGN_IDENTITY[sdk=iphoneos*]" = "iPhone Developer";
				INFOPLIST_FILE = HeyZhiShi/Info.plist;
				IPHONEOS_DEPLOYMENT_TARGET = 9.1;
				LD_RUNPATH_SEARCH_PATHS = "$(inherited) @executable_path/Frameworks";
				PRODUCT_BUNDLE_IDENTIFIER = Demo.HeyZhiShi;
				PRODUCT_NAME = "$(TARGET_NAME)";
				PROVISIONING_PROFILE = "";
				SWIFT_OBJC_BRIDGING_HEADER = "HeyZhiShi/HeyZhiShi-Bridging-Header.h";
				SWIFT_OPTIMIZATION_LEVEL = "-Onone";
				USER_HEADER_SEARCH_PATHS = "$(PODS_ROOT)/** $(SRC_ROOT)/**";
			};
			name = Debug;
		};
		B48357B21C2917C200D69170 /* Release */ = {
			isa = XCBuildConfiguration;
			baseConfigurationReference = A8A23A4DA5AB3996A1289352 /* Pods.release.xcconfig */;
			buildSettings = {
				ASSETCATALOG_COMPILER_APPICON_NAME = AppIcon;
				CLANG_ENABLE_MODULES = YES;
				CODE_SIGN_IDENTITY = "iPhone Developer";
				"CODE_SIGN_IDENTITY[sdk=iphoneos*]" = "iPhone Developer";
				INFOPLIST_FILE = HeyZhiShi/Info.plist;
				IPHONEOS_DEPLOYMENT_TARGET = 9.1;
				LD_RUNPATH_SEARCH_PATHS = "$(inherited) @executable_path/Frameworks";
				PRODUCT_BUNDLE_IDENTIFIER = Demo.HeyZhiShi;
				PRODUCT_NAME = "$(TARGET_NAME)";
				PROVISIONING_PROFILE = "";
				SWIFT_OBJC_BRIDGING_HEADER = "HeyZhiShi/HeyZhiShi-Bridging-Header.h";
				USER_HEADER_SEARCH_PATHS = "$(PODSROOT)/** $(SRCROOT)/**";
			};
			name = Release;
		};
		B48357B41C2917C200D69170 /* Debug */ = {
			isa = XCBuildConfiguration;
			buildSettings = {
				BUNDLE_LOADER = "$(TEST_HOST)";
				INFOPLIST_FILE = HeyZhiShiTests/Info.plist;
				LD_RUNPATH_SEARCH_PATHS = "$(inherited) @executable_path/Frameworks @loader_path/Frameworks";
				PRODUCT_BUNDLE_IDENTIFIER = Demo.HeyZhiShiTests;
				PRODUCT_NAME = "$(TARGET_NAME)";
				TEST_HOST = "$(BUILT_PRODUCTS_DIR)/HeyZhiShi.app/HeyZhiShi";
			};
			name = Debug;
		};
		B48357B51C2917C200D69170 /* Release */ = {
			isa = XCBuildConfiguration;
			buildSettings = {
				BUNDLE_LOADER = "$(TEST_HOST)";
				INFOPLIST_FILE = HeyZhiShiTests/Info.plist;
				LD_RUNPATH_SEARCH_PATHS = "$(inherited) @executable_path/Frameworks @loader_path/Frameworks";
				PRODUCT_BUNDLE_IDENTIFIER = Demo.HeyZhiShiTests;
				PRODUCT_NAME = "$(TARGET_NAME)";
				TEST_HOST = "$(BUILT_PRODUCTS_DIR)/HeyZhiShi.app/HeyZhiShi";
			};
			name = Release;
		};
		B48357B71C2917C200D69170 /* Debug */ = {
			isa = XCBuildConfiguration;
			buildSettings = {
				INFOPLIST_FILE = HeyZhiShiUITests/Info.plist;
				LD_RUNPATH_SEARCH_PATHS = "$(inherited) @executable_path/Frameworks @loader_path/Frameworks";
				PRODUCT_BUNDLE_IDENTIFIER = Demo.HeyZhiShiUITests;
				PRODUCT_NAME = "$(TARGET_NAME)";
				TEST_TARGET_NAME = HeyZhiShi;
				USES_XCTRUNNER = YES;
			};
			name = Debug;
		};
		B48357B81C2917C200D69170 /* Release */ = {
			isa = XCBuildConfiguration;
			buildSettings = {
				INFOPLIST_FILE = HeyZhiShiUITests/Info.plist;
				LD_RUNPATH_SEARCH_PATHS = "$(inherited) @executable_path/Frameworks @loader_path/Frameworks";
				PRODUCT_BUNDLE_IDENTIFIER = Demo.HeyZhiShiUITests;
				PRODUCT_NAME = "$(TARGET_NAME)";
				TEST_TARGET_NAME = HeyZhiShi;
				USES_XCTRUNNER = YES;
			};
			name = Release;
		};
/* End XCBuildConfiguration section */

/* Begin XCConfigurationList section */
		B48357831C2917C200D69170 /* Build configuration list for PBXProject "HeyZhiShi" */ = {
			isa = XCConfigurationList;
			buildConfigurations = (
				B48357AE1C2917C200D69170 /* Debug */,
				B48357AF1C2917C200D69170 /* Release */,
			);
			defaultConfigurationIsVisible = 0;
			defaultConfigurationName = Release;
		};
		B48357B01C2917C200D69170 /* Build configuration list for PBXNativeTarget "HeyZhiShi" */ = {
			isa = XCConfigurationList;
			buildConfigurations = (
				B48357B11C2917C200D69170 /* Debug */,
				B48357B21C2917C200D69170 /* Release */,
			);
			defaultConfigurationIsVisible = 0;
			defaultConfigurationName = Release;
		};
		B48357B31C2917C200D69170 /* Build configuration list for PBXNativeTarget "HeyZhiShiTests" */ = {
			isa = XCConfigurationList;
			buildConfigurations = (
				B48357B41C2917C200D69170 /* Debug */,
				B48357B51C2917C200D69170 /* Release */,
			);
			defaultConfigurationIsVisible = 0;
			defaultConfigurationName = Release;
		};
		B48357B61C2917C200D69170 /* Build configuration list for PBXNativeTarget "HeyZhiShiUITests" */ = {
			isa = XCConfigurationList;
			buildConfigurations = (
				B48357B71C2917C200D69170 /* Debug */,
				B48357B81C2917C200D69170 /* Release */,
			);
			defaultConfigurationIsVisible = 0;
			defaultConfigurationName = Release;
		};
/* End XCConfigurationList section */
	};
	rootObject = B48357801C2917C200D69170 /* Project object */;
}
